
Microsoft Visual Studio Solution File, Format Version 12.00
# Visual Studio Version 17
VisualStudioVersion = 17.14.37710.0 d17.14
MinimumVisualStudioVersion = 10.0.40219.1
Project("{FAE04EC0-301F-11D3-BF4B-00C04F79EFBC}") = "Ejercicio1", "Ejercicio1\Ejercicio1.csproj", "{B1579509-556E-4DD9-9DDE-D5960B822A60}"
EndProject
Global
	GlobalSection(SolutionConfigurationPlatforms) = preSolution
		Debug|Any CPU = Debug|Any CPU
		Release|Any CPU = Release|Any CPU
	EndGlobalSection
	GlobalSection(ProjectConfigurationPlatforms) = postSolution
		{B1579509-556E-4DD9-9DDE-D5960B822A60}.Debug|Any CPU.ActiveCfg = Debug|Any CPU
		{B1579509-556E-4DD9-9DDE-D5960B822A60}.Debug|Any CPU.Build.0 = Debug|Any CPU
		{B1579509-556E-4DD9-9DDE-D5960B822A60}.Release|Any CPU.ActiveCfg = Release|Any CPU
		{B1579509-556E-4DD9-9DDE-D5960B822A60}.Release|Any CPU.Build.0 = Release|Any CPU
	EndGlobalSection
	GlobalSection(SolutionProperties) = preSolution
		HideSolutionNode = FALSE
	EndGlobalSection
	GlobalSection(ExtensibilityGlobals) = postSolution
		SolutionGuid = {E25DD575-271E-42B9-A0BB-681317E77BD5}
	EndGlobalSection
EndGlobal
